// !$*UTF8*$!
{
	archiveVersion = 1;
	classes = {
	};
	objectVersion = 50;
	objects = {

/* Begin PBXBuildFile section */
		B31DB6B826392B6A00BA317A /* LocalAuthentication.framework in Frameworks */ = {isa = PBXBuildFile; fileRef = B31DB6B726392B6A00BA317A /* LocalAuthentication.framework */; };
		B37ABFFB26319A4D0076A419 /* AppDelegate.swift in Sources */ = {isa = PBXBuildFile; fileRef = B37ABFFA26319A4D0076A419 /* AppDelegate.swift */; };
		B37ABFFD26319A4D0076A419 /* SceneDelegate.swift in Sources */ = {isa = PBXBuildFile; fileRef = B37ABFFC26319A4D0076A419 /* SceneDelegate.swift */; };
		B37ABFFF26319A4D0076A419 /* ViewController.swift in Sources */ = {isa = PBXBuildFile; fileRef = B37ABFFE26319A4D0076A419 /* ViewController.swift */; };
		B37AC00226319A4D0076A419 /* Main.storyboard in Resources */ = {isa = PBXBuildFile; fileRef = B37AC00026319A4D0076A419 /* Main.storyboard */; };
		B37AC00426319A500076A419 /* Assets.xcassets in Resources */ = {isa = PBXBuildFile; fileRef = B37AC00326319A500076A419 /* Assets.xcassets */; };
		B37AC00726319A510076A419 /* LaunchScreen.storyboard in Resources */ = {isa = PBXBuildFile; fileRef = B37AC00526319A510076A419 /* LaunchScreen.storyboard */; };
		B37AC01226319A510076A419 /* fingerPrintAuthenticationTests.swift in Sources */ = {isa = PBXBuildFile; fileRef = B37AC01126319A510076A419 /* fingerPrintAuthenticationTests.swift */; };
		B37AC01D26319A510076A419 /* fingerPrintAuthenticationUITests.swift in Sources */ = {isa = PBXBuildFile; fileRef = B37AC01C26319A510076A419 /* fingerPrintAuthenticationUITests.swift */; };
		B37AC02B26319B3B0076A419 /* SuccessViewController.swift in Sources */ = {isa = PBXBuildFile; fileRef = B37AC02A26319B3B0076A419 /* SuccessViewController.swift */; };
		B37AC02D26319BA00076A419 /* FingerprintAuth.swift in Sources */ = {isa = PBXBuildFile; fileRef = B37AC02C26319BA00076A419 /* FingerprintAuth.swift */; };
/* End PBXBuildFile section */

/* Begin PBXContainerItemProxy section */
		B37AC00E26319A510076A419 /* PBXContainerItemProxy */ = {
			isa = PBXContainerItemProxy;
			containerPortal = B37ABFEF26319A4C0076A419 /* Project object */;
			proxyType = 1;
			remoteGlobalIDString = B37ABFF626319A4D0076A419;
			remoteInfo = fingerPrintAuthentication;
		};
		B37AC01926319A510076A419 /* PBXContainerItemProxy */ = {
			isa = PBXContainerItemProxy;
			containerPortal = B37ABFEF26319A4C0076A419 /* Project object */;
			proxyType = 1;
			remoteGlobalIDString = B37ABFF626319A4D0076A419;
			remoteInfo = fingerPrintAuthentication;
		};
/* End PBXContainerItemProxy section */

/* Begin PBXFileReference section */
		B31DB6B726392B6A00BA317A /* LocalAuthentication.framework */ = {isa = PBXFileReference; lastKnownFileType = wrapper.framework; name = LocalAuthentication.framework; path = System/Library/Frameworks/LocalAuthentication.framework; sourceTree = SDKROOT; };
		B37ABFF726319A4D0076A419 /* fingerPrintAuthentication.app */ = {isa = PBXFileReference; explicitFileType = wrapper.application; includeInIndex = 0; path = fingerPrintAuthentication.app; sourceTree = BUILT_PRODUCTS_DIR; };
		B37ABFFA26319A4D0076A419 /* AppDelegate.swift */ = {isa = PBXFileReference; lastKnownFileType = sourcecode.swift; path = AppDelegate.swift; sourceTree = "<group>"; };
		B37ABFFC26319A4D0076A419 /* SceneDelegate.swift */ = {isa = PBXFileReference; lastKnownFileType = sourcecode.swift; path = SceneDelegate.swift; sourceTree = "<group>"; };
		B37ABFFE26319A4D0076A419 /* ViewController.swift */ = {isa = PBXFileReference; lastKnownFileType = sourcecode.swift; path = ViewController.swift; sourceTree = "<group>"; };
		B37AC00126319A4D0076A419 /* Base */ = {isa = PBXFileReference; lastKnownFileType = file.storyboard; name = Base; path = Base.lproj/Main.storyboard; sourceTree = "<group>"; };
		B37AC00326319A500076A419 /* Assets.xcassets */ = {isa = PBXFileReference; lastKnownFileType = folder.assetcatalog; path = Assets.xcassets; sourceTree = "<group>"; };
		B37AC00626319A510076A419 /* Base */ = {isa = PBXFileReference; lastKnownFileType = file.storyboard; name = Base; path = Base.lproj/LaunchScreen.storyboard; sourceTree = "<group>"; };
		B37AC00826319A510076A419 /* Info.plist */ = {isa = PBXFileReference; lastKnownFileType = text.plist.xml; path = Info.plist; sourceTree = "<group>"; };
		B37AC00D26319A510076A419 /* fingerPrintAuthenticationTests.xctest */ = {isa = PBXFileReference; explicitFileType = wrapper.cfbundle; includeInIndex = 0; path = fingerPrintAuthenticationTests.xctest; sourceTree = BUILT_PRODUCTS_DIR; };
		B37AC01126319A510076A419 /* fingerPrintAuthenticationTests.swift */ = {isa = PBXFileReference; lastKnownFileType = sourcecode.swift; path = fingerPrintAuthenticationTests.swift; sourceTree = "<group>"; };
		B37AC01326319A510076A419 /* Info.plist */ = {isa = PBXFileReference; lastKnownFileType = text.plist.xml; path = Info.plist; sourceTree = "<group>"; };
		B37AC01826319A510076A419 /* fingerPrintAuthenticationUITests.xctest */ = {isa = PBXFileReference; explicitFileType = wrapper.cfbundle; includeInIndex = 0; path = fingerPrintAuthenticationUITests.xctest; sourceTree = BUILT_PRODUCTS_DIR; };
		B37AC01C26319A510076A419 /* fingerPrintAuthenticationUITests.swift */ = {isa = PBXFileReference; lastKnownFileType = sourcecode.swift; path = fingerPrintAuthenticationUITests.swift; sourceTree = "<group>"; };
		B37AC01E26319A510076A419 /* Info.plist */ = {isa = PBXFileReference; lastKnownFileType = text.plist.xml; path = Info.plist; sourceTree = "<group>"; };
		B37AC02A26319B3B0076A419 /* SuccessViewController.swift */ = {isa = PBXFileReference; lastKnownFileType = sourcecode.swift; path = SuccessViewController.swift; sourceTree = "<group>"; };
		B37AC02C26319BA00076A419 /* FingerprintAuth.swift */ = {isa = PBXFileReference; lastKnownFileType = sourcecode.swift; path = FingerprintAuth.swift; sourceTree = "<group>"; };
/* End PBXFileReference section */

/* Begin PBXFrameworksBuildPhase section */
		B37ABFF426319A4D0076A419 /* Frameworks */ = {
			isa = PBXFrameworksBuildPhase;
			buildActionMask = 2147483647;
			files = (
				B31DB6B826392B6A00BA317A /* LocalAuthentication.framework in Frameworks */,
			);
			runOnlyForDeploymentPostprocessing = 0;
		};
		B37AC00A26319A510076A419 /* Frameworks */ = {
			isa = PBXFrameworksBuildPhase;
			buildActionMask = 2147483647;
			files = (
			);
			runOnlyForDeploymentPostprocessing = 0;
		};
		B37AC01526319A510076A419 /* Frameworks */ = {
			isa = PBXFrameworksBuildPhase;
			buildActionMask = 2147483647;
			files = (
			);
			runOnlyForDeploymentPostprocessing = 0;
		};
/* End PBXFrameworksBuildPhase section */

/* Begin PBXGroup section */
		B31DB6B626392B6A00BA317A /* Frameworks */ = {
			isa = PBXGroup;
			children = (
				B31DB6B726392B6A00BA317A /* LocalAuthentication.framework */,
			);
			name = Frameworks;
			sourceTree = "<group>";
		};
		B37ABFEE26319A4C0076A419 = {
			isa = PBXGroup;
			children = (
				B37ABFF926319A4D0076A419 /* fingerPrintAuthentication */,
				B37AC01026319A510076A419 /* fingerPrintAuthenticationTests */,
				B37AC01B26319A510076A419 /* fingerPrintAuthenticationUITests */,
				B37ABFF826319A4D0076A419 /* Products */,
				B31DB6B626392B6A00BA317A /* Frameworks */,
			);
			sourceTree = "<group>";
		};
		B37ABFF826319A4D0076A419 /* Products */ = {
			isa = PBXGroup;
			children = (
				B37ABFF726319A4D0076A419 /* fingerPrintAuthentication.app */,
				B37AC00D26319A510076A419 /* fingerPrintAuthenticationTests.xctest */,
				B37AC01826319A510076A419 /* fingerPrintAuthenticationUITests.xctest */,
			);
			name = Products;
			sourceTree = "<group>";
		};
		B37ABFF926319A4D0076A419 /* fingerPrintAuthentication */ = {
			isa = PBXGroup;
			children = (
				B37ABFFA26319A4D0076A419 /* AppDelegate.swift */,
				B37ABFFC26319A4D0076A419 /* SceneDelegate.swift */,
				B37ABFFE26319A4D0076A419 /* ViewController.swift */,
				B37AC00026319A4D0076A419 /* Main.storyboard */,
				B37AC00326319A500076A419 /* Assets.xcassets */,
				B37AC00526319A510076A419 /* LaunchScreen.storyboard */,
				B37AC00826319A510076A419 /* Info.plist */,
				B37AC02A26319B3B0076A419 /* SuccessViewController.swift */,
				B37AC02C26319BA00076A419 /* FingerprintAuth.swift */,
			);
			path = fingerPrintAuthentication;
			sourceTree = "<group>";
		};
		B37AC01026319A510076A419 /* fingerPrintAuthenticationTests */ = {
			isa = PBXGroup;
			children = (
				B37AC01126319A510076A419 /* fingerPrintAuthenticationTests.swift */,
				B37AC01326319A510076A419 /* Info.plist */,
			);
			path = fingerPrintAuthenticationTests;
			sourceTree = "<group>";
		};
		B37AC01B26319A510076A419 /* fingerPrintAuthenticationUITests */ = {
			isa = PBXGroup;
			children = (
				B37AC01C26319A510076A419 /* fingerPrintAuthenticationUITests.swift */,
				B37AC01E26319A510076A419 /* Info.plist */,
			);
			path = fingerPrintAuthenticationUITests;
			sourceTree = "<group>";
		};
/* End PBXGroup section */

/* Begin PBXNativeTarget section */
		B37ABFF626319A4D0076A419 /* fingerPrintAuthentication */ = {
			isa = PBXNativeTarget;
			buildConfigurationList = B37AC02126319A510076A419 /* Build configuration list for PBXNativeTarget "fingerPrintAuthentication" */;
			buildPhases = (
				B37ABFF326319A4D0076A419 /* Sources */,
				B37ABFF426319A4D0076A419 /* Frameworks */,
				B37ABFF526319A4D0076A419 /* Resources */,
			);
			buildRules = (
			);
			dependencies = (
			);
			name = fingerPrintAuthentication;
			productName = fingerPrintAuthentication;
			productReference = B37ABFF726319A4D0076A419 /* fingerPrintAuthentication.app */;
			productType = "com.apple.product-type.application";
		};
		B37AC00C26319A510076A419 /* fingerPrintAuthenticationTests */ = {
			isa = PBXNativeTarget;
			buildConfigurationList = B37AC02426319A510076A419 /* Build configuration list for PBXNativeTarget "fingerPrintAuthenticationTests" */;
			buildPhases = (
				B37AC00926319A510076A419 /* Sources */,
				B37AC00A26319A510076A419 /* Frameworks */,
				B37AC00B26319A510076A419 /* Resources */,
			);
			buildRules = (
			);
			dependencies = (
				B37AC00F26319A510076A419 /* PBXTargetDependency */,
			);
			name = fingerPrintAuthenticationTests;
			productName = fingerPrintAuthenticationTests;
			productReference = B37AC00D26319A510076A419 /* fingerPrintAuthenticationTests.xctest */;
			productType = "com.apple.product-type.bundle.unit-test";
		};
		B37AC01726319A510076A419 /* fingerPrintAuthenticationUITests */ = {
			isa = PBXNativeTarget;
			buildConfigurationList = B37AC02726319A510076A419 /* Build configuration list for PBXNativeTarget "fingerPrintAuthenticationUITests" */;
			buildPhases = (
				B37AC01426319A510076A419 /* Sources */,
				B37AC01526319A510076A419 /* Frameworks */,
				B37AC01626319A510076A419 /* Resources */,
			);
			buildRules = (
			);
			dependencies = (
				B37AC01A26319A510076A419 /* PBXTargetDependency */,
			);
			name = fingerPrintAuthenticationUITests;
			productName = fingerPrintAuthenticationUITests;
			productReference = B37AC01826319A510076A419 /* fingerPrintAuthenticationUITests.xctest */;
			productType = "com.apple.product-type.bundle.ui-testing";
		};
/* End PBXNativeTarget section */

/* Begin PBXProject section */
		B37ABFEF26319A4C0076A419 /* Project object */ = {
			isa = PBXProject;
			attributes = {
				LastSwiftUpdateCheck = 1150;
				LastUpgradeCheck = 1150;
				ORGANIZATIONNAME = iApp;
				TargetAttributes = {
					B37ABFF626319A4D0076A419 = {
						CreatedOnToolsVersion = 11.5;
					};
					B37AC00C26319A510076A419 = {
						CreatedOnToolsVersion = 11.5;
						TestTargetID = B37ABFF626319A4D0076A419;
					};
					B37AC01726319A510076A419 = {
						CreatedOnToolsVersion = 11.5;
						TestTargetID = B37ABFF626319A4D0076A419;
					};
				};
			};
			buildConfigurationList = B37ABFF226319A4C0076A419 /* Build configuration list for PBXProject "fingerPrintAuthentication" */;
			compatibilityVersion = "Xcode 9.3";
			developmentRegion = en;
			hasScannedForEncodings = 0;
			knownRegions = (
				en,
				Base,
			);
			mainGroup = B37ABFEE26319A4C0076A419;
			productRefGroup = B37ABFF826319A4D0076A419 /* Products */;
			projectDirPath = "";
			projectRoot = "";
			targets = (
				B37ABFF626319A4D0076A419 /* fingerPrintAuthentication */,
				B37AC00C26319A510076A419 /* fingerPrintAuthenticationTests */,
				B37AC01726319A510076A419 /* fingerPrintAuthenticationUITests */,
			);
		};
/* End PBXProject section */

/* Begin PBXResourcesBuildPhase section */
		B37ABFF526319A4D0076A419 /* Resources */ = {
			isa = PBXResourcesBuildPhase;
			buildActionMask = 2147483647;
			files = (
				B37AC00726319A510076A419 /* LaunchScreen.storyboard in Resources */,
				B37AC00426319A500076A419 /* Assets.xcassets in Resources */,
				B37AC00226319A4D0076A419 /* Main.storyboard in Resources */,
			);
			runOnlyForDeploymentPostprocessing = 0;
		};
		B37AC00B26319A510076A419 /* Resources */ = {
			isa = PBXResourcesBuildPhase;
			buildActionMask = 2147483647;
			files = (
			);
			runOnlyForDeploymentPostprocessing = 0;
		};
		B37AC01626319A510076A419 /* Resources */ = {
			isa = PBXResourcesBuildPhase;
			buildActionMask = 2147483647;
			files = (
			);
			runOnlyForDeploymentPostprocessing = 0;
		};
/* End PBXResourcesBuildPhase section */

/* Begin PBXSourcesBuildPhase section */
		B37ABFF326319A4D0076A419 /* Sources */ = {
			isa = PBXSourcesBuildPhase;
			buildActionMask = 2147483647;
			files = (
				B37AC02D26319BA00076A419 /* FingerprintAuth.swift in Sources */,
				B37ABFFF26319A4D0076A419 /* ViewController.swift in Sources */,
				B37ABFFB26319A4D0076A419 /* AppDelegate.swift in Sources */,
				B37AC02B26319B3B0076A419 /* SuccessViewController.swift in Sources */,
				B37ABFFD26319A4D0076A419 /* SceneDelegate.swift in Sources */,
			);
			runOnlyForDeploymentPostprocessing = 0;
		};
		B37AC00926319A510076A419 /* Sources */ = {
			isa = PBXSourcesBuildPhase;
			buildActionMask = 2147483647;
			files = (
				B37AC01226319A510076A419 /* fingerPrintAuthenticationTests.swift in Sources */,
			);
			runOnlyForDeploymentPostprocessing = 0;
		};
		B37AC01426319A510076A419 /* Sources */ = {
			isa = PBXSourcesBuildPhase;
			buildActionMask = 2147483647;
			files = (
				B37AC01D26319A510076A419 /* fingerPrintAuthenticationUITests.swift in Sources */,
			);
			runOnlyForDeploymentPostprocessing = 0;
		};
/* End PBXSourcesBuildPhase section */

/* Begin PBXTargetDependency section */
		B37AC00F26319A510076A419 /* PBXTargetDependency */ = {
			isa = PBXTargetDependency;
			target = B37ABFF626319A4D0076A419 /* fingerPrintAuthentication */;
			targetProxy = B37AC00E26319A510076A419 /* PBXContainerItemProxy */;
		};
		B37AC01A26319A510076A419 /* PBXTargetDependency */ = {
			isa = PBXTargetDependency;
			target = B37ABFF626319A4D0076A419 /* fingerPrintAuthentication */;
			targetProxy = B37AC01926319A510076A419 /* PBXContainerItemProxy */;
		};
/* End PBXTargetDependency section */

/* Begin PBXVariantGroup section */
		B37AC00026319A4D0076A419 /* Main.storyboard */ = {
			isa = PBXVariantGroup;
			children = (
				B37AC00126319A4D0076A419 /* Base */,
			);
			name = Main.storyboard;
			sourceTree = "<group>";
		};
		B37AC00526319A510076A419 /* LaunchScreen.storyboard */ = {
			isa = PBXVariantGroup;
			children = (
				B37AC00626319A510076A419 /* Base */,
			);
			name = LaunchScreen.storyboard;
			sourceTree = "<group>";
		};
/* End PBXVariantGroup section */

/* Begin XCBuildConfiguration section */
		B37AC01F26319A510076A419 /* Debug */ = {
			isa = XCBuildConfiguration;
			buildSettings = {
				ALWAYS_SEARCH_USER_PATHS = NO;
				CLANG_ANALYZER_NONNULL = YES;
				CLANG_ANALYZER_NUMBER_OBJECT_CONVERSION = YES_AGGRESSIVE;
				CLANG_CXX_LANGUAGE_STANDARD = "gnu++14";
				CLANG_CXX_LIBRARY = "libc++";
				CLANG_ENABLE_MODULES = YES;
				CLANG_ENABLE_OBJC_ARC = YES;
				CLANG_ENABLE_OBJC_WEAK = YES;
				CLANG_WARN_BLOCK_CAPTURE_AUTORELEASING = YES;
				CLANG_WARN_BOOL_CONVERSION = YES;
				CLANG_WARN_COMMA = YES;
				CLANG_WARN_CONSTANT_CONVERSION = YES;
				CLANG_WARN_DEPRECATED_OBJC_IMPLEMENTATIONS = YES;
				CLANG_WARN_DIRECT_OBJC_ISA_USAGE = YES_ERROR;
				CLANG_WARN_DOCUMENTATION_COMMENTS = YES;
				CLANG_WARN_EMPTY_BODY = YES;
				CLANG_WARN_ENUM_CONVERSION = YES;
				CLANG_WARN_INFINITE_RECURSION = YES;
				CLANG_WARN_INT_CONVERSION = YES;
				CLANG_WARN_NON_LITERAL_NULL_CONVERSION = YES;
				CLANG_WARN_OBJC_IMPLICIT_RETAIN_SELF = YES;
				CLANG_WARN_OBJC_LITERAL_CONVERSION = YES;
				CLANG_WARN_OBJC_ROOT_CLASS = YES_ERROR;
				CLANG_WARN_RANGE_LOOP_ANALYSIS = YES;
				CLANG_WARN_STRICT_PROTOTYPES = YES;
				CLANG_WARN_SUSPICIOUS_MOVE = YES;
				CLANG_WARN_UNGUARDED_AVAILABILITY = YES_AGGRESSIVE;
				CLANG_WARN_UNREACHABLE_CODE = YES;
				CLANG_WARN__DUPLICATE_METHOD_MATCH = YES;
				COPY_PHASE_STRIP = NO;
				DEBUG_INFORMATION_FORMAT = dwarf;
				ENABLE_STRICT_OBJC_MSGSEND = YES;
				ENABLE_TESTABILITY = YES;
				GCC_C_LANGUAGE_STANDARD = gnu11;
				GCC_DYNAMIC_NO_PIC = NO;
				GCC_NO_COMMON_BLOCKS = YES;
				GCC_OPTIMIZATION_LEVEL = 0;
				GCC_PREPROCESSOR_DEFINITIONS = (
					"DEBUG=1",
					"$(inherited)",
				);
				GCC_WARN_64_TO_32_BIT_CONVERSION = YES;
				GCC_WARN_ABOUT_RETURN_TYPE = YES_ERROR;
				GCC_WARN_UNDECLARED_SELECTOR = YES;
				GCC_WARN_UNINITIALIZED_AUTOS = YES_AGGRESSIVE;
				GCC_WARN_UNUSED_FUNCTION = YES;
				GCC_WARN_UNUSED_VARIABLE = YES;
				IPHONEOS_DEPLOYMENT_TARGET = 13.5;
				MTL_ENABLE_DEBUG_INFO = INCLUDE_SOURCE;
				MTL_FAST_MATH = YES;
				ONLY_ACTIVE_ARCH = YES;
				SDKROOT = iphoneos;
				SWIFT_ACTIVE_COMPILATION_CONDITIONS = DEBUG;
				SWIFT_OPTIMIZATION_LEVEL = "-Onone";
			};
			name = Debug;
		};
		B37AC02026319A510076A419 /* Release */ = {
			isa = XCBuildConfiguration;
			buildSettings = {
				ALWAYS_SEARCH_USER_PATHS = NO;
				CLANG_ANALYZER_NONNULL = YES;
				CLANG_ANALYZER_NUMBER_OBJECT_CONVERSION = YES_AGGRESSIVE;
				CLANG_CXX_LANGUAGE_STANDARD = "gnu++14";
				CLANG_CXX_LIBRARY = "libc++";
				CLANG_ENABLE_MODULES = YES;
				CLANG_ENABLE_OBJC_ARC = YES;
				CLANG_ENABLE_OBJC_WEAK = YES;
				CLANG_WARN_BLOCK_CAPTURE_AUTORELEASING = YES;
				CLANG_WARN_BOOL_CONVERSION = YES;
				CLANG_WARN_COMMA = YES;
				CLANG_WARN_CONSTANT_CONVERSION = YES;
				CLANG_WARN_DEPRECATED_OBJC_IMPLEMENTATIONS = YES;
				CLANG_WARN_DIRECT_OBJC_ISA_USAGE = YES_ERROR;
				CLANG_WARN_DOCUMENTATION_COMMENTS = YES;
				CLANG_WARN_EMPTY_BODY = YES;
				CLANG_WARN_ENUM_CONVERSION = YES;
				CLANG_WARN_INFINITE_RECURSION = YES;
				CLANG_WARN_INT_CONVERSION = YES;
				CLANG_WARN_NON_LITERAL_NULL_CONVERSION = YES;
				CLANG_WARN_OBJC_IMPLICIT_RETAIN_SELF = YES;
				CLANG_WARN_OBJC_LITERAL_CONVERSION = YES;
				CLANG_WARN_OBJC_ROOT_CLASS = YES_ERROR;
				CLANG_WARN_RANGE_LOOP_ANALYSIS = YES;
				CLANG_WARN_STRICT_PROTOTYPES = YES;
				CLANG_WARN_SUSPICIOUS_MOVE = YES;
				CLANG_WARN_UNGUARDED_AVAILABILITY = YES_AGGRESSIVE;
				CLANG_WARN_UNREACHABLE_CODE = YES;
				CLANG_WARN__DUPLICATE_METHOD_MATCH = YES;
				COPY_PHASE_STRIP = NO;
				DEBUG_INFORMATION_FORMAT = "dwarf-with-dsym";
				ENABLE_NS_ASSERTIONS = NO;
				ENABLE_STRICT_OBJC_MSGSEND = YES;
				GCC_C_LANGUAGE_STANDARD = gnu11;
				GCC_NO_COMMON_BLOCKS = YES;
				GCC_WARN_64_TO_32_BIT_CONVERSION = YES;
				GCC_WARN_ABOUT_RETURN_TYPE = YES_ERROR;
				GCC_WARN_UNDECLARED_SELECTOR = YES;
				GCC_WARN_UNINITIALIZED_AUTOS = YES_AGGRESSIVE;
				GCC_WARN_UNUSED_FUNCTION = YES;
				GCC_WARN_UNUSED_VARIABLE = YES;
				IPHONEOS_DEPLOYMENT_TARGET = 13.5;
				MTL_ENABLE_DEBUG_INFO = NO;
				MTL_FAST_MATH = YES;
				SDKROOT = iphoneos;
				SWIFT_COMPILATION_MODE = wholemodule;
				SWIFT_OPTIMIZATION_LEVEL = "-O";
				VALIDATE_PRODUCT = YES;
			};
			name = Release;
		};
		B37AC02226319A510076A419 /* Debug */ = {
			isa = XCBuildConfiguration;
			buildSettings = {
				ASSETCATALOG_COMPILER_APPICON_NAME = AppIcon;
				CODE_SIGN_IDENTITY = "iPhone Developer";
				CODE_SIGN_STYLE = Manual;
				DEVELOPMENT_TEAM = 97T42XXB77;
				INFOPLIST_FILE = fingerPrintAuthentication/Info.plist;
				LD_RUNPATH_SEARCH_PATHS = (
					"$(inherited)",
					"@executable_path/Frameworks",
				);
				PRODUCT_BUNDLE_IDENTIFIER = komal.fingerPrintAuthentication;
				PRODUCT_NAME = "$(TARGET_NAME)";
				PROVISIONING_PROFILE_SPECIFIER = freetime_dev;
				SWIFT_VERSION = 5.0;
				TARGETED_DEVICE_FAMILY = "1,2";
			};
			name = Debug;
		};
		B37AC02326319A510076A419 /* Release */ = {
			isa = XCBuildConfiguration;
			buildSettings = {
				ASSETCATALOG_COMPILER_APPICON_NAME = AppIcon;
				CODE_SIGN_IDENTITY = "iPhone Developer";
				CODE_SIGN_STYLE = Manual;
				DEVELOPMENT_TEAM = 97T42XXB77;
				INFOPLIST_FILE = fingerPrintAuthentication/Info.plist;
				LD_RUNPATH_SEARCH_PATHS = (
					"$(inherited)",
					"@executable_path/Frameworks",
				);
				PRODUCT_BUNDLE_IDENTIFIER = komal.fingerPrintAuthentication;
				PRODUCT_NAME = "$(TARGET_NAME)";
				PROVISIONING_PROFILE_SPECIFIER = freetime_dev;
				SWIFT_VERSION = 5.0;
				TARGETED_DEVICE_FAMILY = "1,2";
			};
			name = Release;
		};
		B37AC02526319A510076A419 /* Debug */ = {
			isa = XCBuildConfiguration;
			buildSettings = {
				ALWAYS_EMBED_SWIFT_STANDARD_LIBRARIES = YES;
				BUNDLE_LOADER = "$(TEST_HOST)";
				CODE_SIGN_STYLE = Automatic;
				INFOPLIST_FILE = fingerPrintAuthenticationTests/Info.plist;
				IPHONEOS_DEPLOYMENT_TARGET = 13.5;
				LD_RUNPATH_SEARCH_PATHS = (
					"$(inherited)",
					"@executable_path/Frameworks",
					"@loader_path/Frameworks",
				);
				PRODUCT_BUNDLE_IDENTIFIER = komal.fingerPrintAuthenticationTests;
				PRODUCT_NAME = "$(TARGET_NAME)";
				SWIFT_VERSION = 5.0;
				TARGETED_DEVICE_FAMILY = "1,2";
				TEST_HOST = "$(BUILT_PRODUCTS_DIR)/fingerPrintAuthentication.app/fingerPrintAuthentication";
			};
			name = Debug;
		};
		B37AC02626319A510076A419 /* Release */ = {
			isa = XCBuildConfiguration;
			buildSettings = {
				ALWAYS_EMBED_SWIFT_STANDARD_LIBRARIES = YES;
				BUNDLE_LOADER = "$(TEST_HOST)";
				CODE_SIGN_STYLE = Automatic;
				INFOPLIST_FILE = fingerPrintAuthenticationTests/Info.plist;
				IPHONEOS_DEPLOYMENT_TARGET = 13.5;
				LD_RUNPATH_SEARCH_PATHS = (
					"$(inherited)",
					"@executable_path/Frameworks",
					"@loader_path/Frameworks",
				);
				PRODUCT_BUNDLE_IDENTIFIER = komal.fingerPrintAuthenticationTests;
				PRODUCT_NAME = "$(TARGET_NAME)";
				SWIFT_VERSION = 5.0;
				TARGETED_DEVICE_FAMILY = "1,2";
				TEST_HOST = "$(BUILT_PRODUCTS_DIR)/fingerPrintAuthentication.app/fingerPrintAuthentication";
			};
			name = Release;
		};
		B37AC02826319A510076A419 /* Debug */ = {
			isa = XCBuildConfiguration;
			buildSettings = {
				ALWAYS_EMBED_SWIFT_STANDARD_LIBRARIES = YES;
				CODE_SIGN_STYLE = Automatic;
				INFOPLIST_FILE = fingerPrintAuthenticationUITests/Info.plist;
				LD_RUNPATH_SEARCH_PATHS = (
					"$(inherited)",
					"@executable_path/Frameworks",
					"@loader_path/Frameworks",
				);
				PRODUCT_BUNDLE_IDENTIFIER = komal.fingerPrintAuthenticationUITests;
				PRODUCT_NAME = "$(TARGET_NAME)";
				SWIFT_VERSION = 5.0;
				TARGETED_DEVICE_FAMILY = "1,2";
				TEST_TARGET_NAME = fingerPrintAuthentication;
			};
			name = Debug;
		};
		B37AC02926319A510076A419 /* Release */ = {
			isa = XCBuildConfiguration;
			buildSettings = {
				ALWAYS_EMBED_SWIFT_STANDARD_LIBRARIES = YES;
				CODE_SIGN_STYLE = Automatic;
				INFOPLIST_FILE = fingerPrintAuthenticationUITests/Info.plist;
				LD_RUNPATH_SEARCH_PATHS = (
					"$(inherited)",
					"@executable_path/Frameworks",
					"@loader_path/Frameworks",
				);
				PRODUCT_BUNDLE_IDENTIFIER = komal.fingerPrintAuthenticationUITests;
				PRODUCT_NAME = "$(TARGET_NAME)";
				SWIFT_VERSION = 5.0;
				TARGETED_DEVICE_FAMILY = "1,2";
				TEST_TARGET_NAME = fingerPrintAuthentication;
			};
			name = Release;
		};
/* End XCBuildConfiguration section */

/* Begin XCConfigurationList section */
		B37ABFF226319A4C0076A419 /* Build configuration list for PBXProject "fingerPrintAuthentication" */ = {
			isa = XCConfigurationList;
			buildConfigurations = (
				B37AC01F26319A510076A419 /* Debug */,
				B37AC02026319A510076A419 /* Release */,
			);
			defaultConfigurationIsVisible = 0;
			defaultConfigurationName = Release;
		};
		B37AC02126319A510076A419 /* Build configuration list for PBXNativeTarget "fingerPrintAuthentication" */ = {
			isa = XCConfigurationList;
			buildConfigurations = (
				B37AC02226319A510076A419 /* Debug */,
				B37AC02326319A510076A419 /* Release */,
			);
			defaultConfigurationIsVisible = 0;
			defaultConfigurationName = Release;
		};
		B37AC02426319A510076A419 /* Build configuration list for PBXNativeTarget "fingerPrintAuthenticationTests" */ = {
			isa = XCConfigurationList;
			buildConfigurations = (
				B37AC02526319A510076A419 /* Debug */,
				B37AC02626319A510076A419 /* Release */,
			);
			defaultConfigurationIsVisible = 0;
			defaultConfigurationName = Release;
		};
		B37AC02726319A510076A419 /* Build configuration list for PBXNativeTarget "fingerPrintAuthenticationUITests" */ = {
			isa = XCConfigurationList;
			buildConfigurations = (
				B37AC02826319A510076A419 /* Debug */,
				B37AC02926319A510076A419 /* Release */,
			);
			defaultConfigurationIsVisible = 0;
			defaultConfigurationName = Release;
		};
/* End XCConfigurationList section */
	};
	rootObject = B37ABFEF26319A4C0076A419 /* Project object */;
}
